
Microsoft Visual Studio Solution File, Format Version 12.00
# Visual Studio 15
VisualStudioVersion = 15.0.27004.2006
MinimumVisualStudioVersion = 10.0.40219.1
Project("{FAE04EC0-301F-11D3-BF4B-00C04F79EFBC}") = "ReleaseInstructions.Model", "ReleaseInstructions.Model\ReleaseInstructions.Model.csproj", "{99CD5AB5-F7A3-42C8-AE2C-A217806C5427}"
EndProject
Project("{FAE04EC0-301F-11D3-BF4B-00C04F79EFBC}") = "ReleaseInstructions", "ReleaseInstructions\ReleaseInstructions.csproj", "{665A6807-7419-4304-AB53-42064497014A}"
EndProject
Global
	GlobalSection(SolutionConfigurationPlatforms) = preSolution
		Debug|Any CPU = Debug|Any CPU
		Release|Any CPU = Release|Any CPU
	EndGlobalSection
	GlobalSection(ProjectConfigurationPlatforms) = postSolution
		{99CD5AB5-F7A3-42C8-AE2C-A217806C5427}.Debug|Any CPU.ActiveCfg = Debug|Any CPU
		{99CD5AB5-F7A3-42C8-AE2C-A217806C5427}.Debug|Any CPU.Build.0 = Debug|Any CPU
		{99CD5AB5-F7A3-42C8-AE2C-A217806C5427}.Release|Any CPU.ActiveCfg = Release|Any CPU
		{99CD5AB5-F7A3-42C8-AE2C-A217806C5427}.Release|Any CPU.Build.0 = Release|Any CPU
		{665A6807-7419-4304-AB53-42064497014A}.Debug|Any CPU.ActiveCfg = Debug|Any CPU
		{665A6807-7419-4304-AB53-42064497014A}.Debug|Any CPU.Build.0 = Debug|Any CPU
		{665A6807-7419-4304-AB53-42064497014A}.Release|Any CPU.ActiveCfg = Release|Any CPU
		{665A6807-7419-4304-AB53-42064497014A}.Release|Any CPU.Build.0 = Release|Any CPU
	EndGlobalSection
	GlobalSection(SolutionProperties) = preSolution
		HideSolutionNode = FALSE
	EndGlobalSection
	GlobalSection(ExtensibilityGlobals) = postSolution
		SolutionGuid = {0246F3E4-6A37-4581-AB4D-0851024658DF}
	EndGlobalSection
EndGlobal
